
Microsoft Visual Studio Solution File, Format Version 12.00
# Visual Studio 15
VisualStudioVersion = 15.0.28307.757
MinimumVisualStudioVersion = 10.0.40219.1
Project("{FAE04EC0-301F-11D3-BF4B-00C04F79EFBC}") = "RegistroconAzure", "RegistroconAzure\RegistroconAzure.csproj", "{60D74E44-736A-4049-889A-897B248336B3}"
EndProject
Global
	GlobalSection(SolutionConfigurationPlatforms) = preSolution
		Debug|Any CPU = Debug|Any CPU
		Release|Any CPU = Release|Any CPU
	EndGlobalSection
	GlobalSection(ProjectConfigurationPlatforms) = postSolution
		{60D74E44-736A-4049-889A-897B248336B3}.Debug|Any CPU.ActiveCfg = Debug|Any CPU
		{60D74E44-736A-4049-889A-897B248336B3}.Debug|Any CPU.Build.0 = Debug|Any CPU
		{60D74E44-736A-4049-889A-897B248336B3}.Release|Any CPU.ActiveCfg = Release|Any CPU
		{60D74E44-736A-4049-889A-897B248336B3}.Release|Any CPU.Build.0 = Release|Any CPU
	EndGlobalSection
	GlobalSection(SolutionProperties) = preSolution
		HideSolutionNode = FALSE
	EndGlobalSection
	GlobalSection(ExtensibilityGlobals) = postSolution
		SolutionGuid = {BA8B83F7-B6E8-4C05-A481-EF4D1449960A}
	EndGlobalSection
EndGlobal
